
Microsoft Visual Studio Solution File, Format Version 12.00
# Visual Studio Version 16
VisualStudioVersion = 16.0.32106.194
MinimumVisualStudioVersion = 10.0.40219.1
Project("{FAE04EC0-301F-11D3-BF4B-00C04F79EFBC}") = "MiniGame1", "MiniGame1\MiniGame1.csproj", "{9F687A1C-F219-4ED0-92CC-42E317AE9608}"
EndProject
Global
	GlobalSection(SolutionConfigurationPlatforms) = preSolution
		Debug|Any CPU = Debug|Any CPU
		Release|Any CPU = Release|Any CPU
	EndGlobalSection
	GlobalSection(ProjectConfigurationPlatforms) = postSolution
		{9F687A1C-F219-4ED0-92CC-42E317AE9608}.Debug|Any CPU.ActiveCfg = Debug|Any CPU
		{9F687A1C-F219-4ED0-92CC-42E317AE9608}.Debug|Any CPU.Build.0 = Debug|Any CPU
		{9F687A1C-F219-4ED0-92CC-42E317AE9608}.Release|Any CPU.ActiveCfg = Release|Any CPU
		{9F687A1C-F219-4ED0-92CC-42E317AE9608}.Release|Any CPU.Build.0 = Release|Any CPU
	EndGlobalSection
	GlobalSection(SolutionProperties) = preSolution
		HideSolutionNode = FALSE
	EndGlobalSection
	GlobalSection(ExtensibilityGlobals) = postSolution
		SolutionGuid = {E83E31F6-1D57-42FE-B8F2-9938A08C7E6D}
	EndGlobalSection
EndGlobal
