
Microsoft Visual Studio Solution File, Format Version 12.00
# Visual Studio Version 16
VisualStudioVersion = 16.0.32106.194
MinimumVisualStudioVersion = 10.0.40219.1
Project("{FAE04EC0-301F-11D3-BF4B-00C04F79EFBC}") = "MiniGame3", "MiniGame3\MiniGame3.csproj", "{A96D2297-5906-4FFD-8373-43DE32056E99}"
EndProject
Global
	GlobalSection(SolutionConfigurationPlatforms) = preSolution
		Debug|Any CPU = Debug|Any CPU
		Release|Any CPU = Release|Any CPU
	EndGlobalSection
	GlobalSection(ProjectConfigurationPlatforms) = postSolution
		{A96D2297-5906-4FFD-8373-43DE32056E99}.Debug|Any CPU.ActiveCfg = Debug|Any CPU
		{A96D2297-5906-4FFD-8373-43DE32056E99}.Debug|Any CPU.Build.0 = Debug|Any CPU
		{A96D2297-5906-4FFD-8373-43DE32056E99}.Release|Any CPU.ActiveCfg = Release|Any CPU
		{A96D2297-5906-4FFD-8373-43DE32056E99}.Release|Any CPU.Build.0 = Release|Any CPU
	EndGlobalSection
	GlobalSection(SolutionProperties) = preSolution
		HideSolutionNode = FALSE
	EndGlobalSection
	GlobalSection(ExtensibilityGlobals) = postSolution
		SolutionGuid = {723790B2-7038-4833-94AD-0DFCAC1C5146}
	EndGlobalSection
EndGlobal
