
Microsoft Visual Studio Solution File, Format Version 12.00
# Visual Studio Version 16
VisualStudioVersion = 16.0.32106.194
MinimumVisualStudioVersion = 10.0.40219.1
Project("{FAE04EC0-301F-11D3-BF4B-00C04F79EFBC}") = "MiniGameParkLib", "MiniGameParkLib\MiniGameParkLib.csproj", "{A9599451-D769-467B-82AA-9506F3B41E52}"
EndProject
Global
	GlobalSection(SolutionConfigurationPlatforms) = preSolution
		Debug|Any CPU = Debug|Any CPU
		Release|Any CPU = Release|Any CPU
	EndGlobalSection
	GlobalSection(ProjectConfigurationPlatforms) = postSolution
		{A9599451-D769-467B-82AA-9506F3B41E52}.Debug|Any CPU.ActiveCfg = Debug|Any CPU
		{A9599451-D769-467B-82AA-9506F3B41E52}.Debug|Any CPU.Build.0 = Debug|Any CPU
		{A9599451-D769-467B-82AA-9506F3B41E52}.Release|Any CPU.ActiveCfg = Release|Any CPU
		{A9599451-D769-467B-82AA-9506F3B41E52}.Release|Any CPU.Build.0 = Release|Any CPU
	EndGlobalSection
	GlobalSection(SolutionProperties) = preSolution
		HideSolutionNode = FALSE
	EndGlobalSection
	GlobalSection(ExtensibilityGlobals) = postSolution
		SolutionGuid = {B5BB3FDF-1FF0-459B-8E5E-ABFBDED5D1A3}
	EndGlobalSection
EndGlobal
