
Microsoft Visual Studio Solution File, Format Version 12.00
# Visual Studio Version 16
VisualStudioVersion = 16.0.32228.343
MinimumVisualStudioVersion = 10.0.40219.1
Project("{FAE04EC0-301F-11D3-BF4B-00C04F79EFBC}") = "MiniGame7", "MiniGame7\MiniGame7.csproj", "{EEEC1D46-EB24-4ED4-B425-216B58624601}"
EndProject
Global
	GlobalSection(SolutionConfigurationPlatforms) = preSolution
		Debug|Any CPU = Debug|Any CPU
		Release|Any CPU = Release|Any CPU
	EndGlobalSection
	GlobalSection(ProjectConfigurationPlatforms) = postSolution
		{EEEC1D46-EB24-4ED4-B425-216B58624601}.Debug|Any CPU.ActiveCfg = Debug|Any CPU
		{EEEC1D46-EB24-4ED4-B425-216B58624601}.Debug|Any CPU.Build.0 = Debug|Any CPU
		{EEEC1D46-EB24-4ED4-B425-216B58624601}.Release|Any CPU.ActiveCfg = Release|Any CPU
		{EEEC1D46-EB24-4ED4-B425-216B58624601}.Release|Any CPU.Build.0 = Release|Any CPU
	EndGlobalSection
	GlobalSection(SolutionProperties) = preSolution
		HideSolutionNode = FALSE
	EndGlobalSection
	GlobalSection(ExtensibilityGlobals) = postSolution
		SolutionGuid = {0681CAD3-9E11-4551-8CA8-01ACB9E6B336}
	EndGlobalSection
EndGlobal
